
Microsoft Visual Studio Solution File, Format Version 11.00
# Visual C# Express 2010
Project("{FAE04EC0-301F-11D3-BF4B-00C04F79EFBC}") = "Grading systemApp", "Grading systemApp\Grading systemApp.csproj", "{3F7246FA-F6D1-4DF7-AA49-E8A2DEB929EE}"
EndProject
Global
	GlobalSection(SolutionConfigurationPlatforms) = preSolution
		Debug|x86 = Debug|x86
		Release|x86 = Release|x86
	EndGlobalSection
	GlobalSection(ProjectConfigurationPlatforms) = postSolution
		{3F7246FA-F6D1-4DF7-AA49-E8A2DEB929EE}.Debug|x86.ActiveCfg = Debug|x86
		{3F7246FA-F6D1-4DF7-AA49-E8A2DEB929EE}.Debug|x86.Build.0 = Debug|x86
		{3F7246FA-F6D1-4DF7-AA49-E8A2DEB929EE}.Release|x86.ActiveCfg = Release|x86
		{3F7246FA-F6D1-4DF7-AA49-E8A2DEB929EE}.Release|x86.Build.0 = Release|x86
	EndGlobalSection
	GlobalSection(SolutionProperties) = preSolution
		HideSolutionNode = FALSE
	EndGlobalSection
EndGlobal
